
Microsoft Visual Studio Solution File, Format Version 12.00
# Visual Studio 14
VisualStudioVersion = 14.0.25420.1
MinimumVisualStudioVersion = 10.0.40219.1
Project("{FAE04EC0-301F-11D3-BF4B-00C04F79EFBC}") = "JsonRpcOverTcp", "JsonRpcOverTcp\JsonRpcOverTcp.csproj", "{0CE6EF6B-D7B8-4213-BBD6-00F3E061CA1E}"
EndProject
Project("{FAE04EC0-301F-11D3-BF4B-00C04F79EFBC}") = "Utils", "Utils\Utils.csproj", "{6B7563AF-0106-490E-9660-4595758D1B40}"
EndProject
Project("{FAE04EC0-301F-11D3-BF4B-00C04F79EFBC}") = "WcfServiceHost", "WcfServiceHost\WcfServiceHost.csproj", "{07D812E6-E3BE-460D-9CB4-F7107A0E23B1}"
EndProject
Project("{9092AA53-FB77-4645-B42D-1CCCA6BD08BD}") = "node-client-service", "node-client-service\node-client-service.njsproj", "{9708F9F1-95A9-41FE-8F42-6D86BAF05B16}"
EndProject
Global
	GlobalSection(SolutionConfigurationPlatforms) = preSolution
		Debug|Any CPU = Debug|Any CPU
		Release|Any CPU = Release|Any CPU
	EndGlobalSection
	GlobalSection(ProjectConfigurationPlatforms) = postSolution
		{0CE6EF6B-D7B8-4213-BBD6-00F3E061CA1E}.Debug|Any CPU.ActiveCfg = Debug|Any CPU
		{0CE6EF6B-D7B8-4213-BBD6-00F3E061CA1E}.Debug|Any CPU.Build.0 = Debug|Any CPU
		{0CE6EF6B-D7B8-4213-BBD6-00F3E061CA1E}.Release|Any CPU.ActiveCfg = Release|Any CPU
		{0CE6EF6B-D7B8-4213-BBD6-00F3E061CA1E}.Release|Any CPU.Build.0 = Release|Any CPU
		{6B7563AF-0106-490E-9660-4595758D1B40}.Debug|Any CPU.ActiveCfg = Debug|Any CPU
		{6B7563AF-0106-490E-9660-4595758D1B40}.Debug|Any CPU.Build.0 = Debug|Any CPU
		{6B7563AF-0106-490E-9660-4595758D1B40}.Release|Any CPU.ActiveCfg = Release|Any CPU
		{6B7563AF-0106-490E-9660-4595758D1B40}.Release|Any CPU.Build.0 = Release|Any CPU
		{07D812E6-E3BE-460D-9CB4-F7107A0E23B1}.Debug|Any CPU.ActiveCfg = Debug|Any CPU
		{07D812E6-E3BE-460D-9CB4-F7107A0E23B1}.Debug|Any CPU.Build.0 = Debug|Any CPU
		{07D812E6-E3BE-460D-9CB4-F7107A0E23B1}.Release|Any CPU.ActiveCfg = Release|Any CPU
		{07D812E6-E3BE-460D-9CB4-F7107A0E23B1}.Release|Any CPU.Build.0 = Release|Any CPU
		{9708F9F1-95A9-41FE-8F42-6D86BAF05B16}.Debug|Any CPU.ActiveCfg = Debug|Any CPU
		{9708F9F1-95A9-41FE-8F42-6D86BAF05B16}.Debug|Any CPU.Build.0 = Debug|Any CPU
		{9708F9F1-95A9-41FE-8F42-6D86BAF05B16}.Release|Any CPU.ActiveCfg = Release|Any CPU
		{9708F9F1-95A9-41FE-8F42-6D86BAF05B16}.Release|Any CPU.Build.0 = Release|Any CPU
	EndGlobalSection
	GlobalSection(SolutionProperties) = preSolution
		HideSolutionNode = FALSE
	EndGlobalSection
EndGlobal
